
Microsoft Visual Studio Solution File, Format Version 12.00
# Visual Studio Version 16
VisualStudioVersion = 16.0.32106.194
MinimumVisualStudioVersion = 10.0.40219.1
Project("{FAE04EC0-301F-11D3-BF4B-00C04F79EFBC}") = "6", "6\6.csproj", "{EF7F7EC6-D5B2-4D59-AF0E-1B5A21F98553}"
EndProject
Global
	GlobalSection(SolutionConfigurationPlatforms) = preSolution
		Debug|Any CPU = Debug|Any CPU
		Release|Any CPU = Release|Any CPU
	EndGlobalSection
	GlobalSection(ProjectConfigurationPlatforms) = postSolution
		{EF7F7EC6-D5B2-4D59-AF0E-1B5A21F98553}.Debug|Any CPU.ActiveCfg = Debug|Any CPU
		{EF7F7EC6-D5B2-4D59-AF0E-1B5A21F98553}.Debug|Any CPU.Build.0 = Debug|Any CPU
		{EF7F7EC6-D5B2-4D59-AF0E-1B5A21F98553}.Release|Any CPU.ActiveCfg = Release|Any CPU
		{EF7F7EC6-D5B2-4D59-AF0E-1B5A21F98553}.Release|Any CPU.Build.0 = Release|Any CPU
	EndGlobalSection
	GlobalSection(SolutionProperties) = preSolution
		HideSolutionNode = FALSE
	EndGlobalSection
	GlobalSection(ExtensibilityGlobals) = postSolution
		SolutionGuid = {C00E0419-0E17-49AD-8183-2769F2B05263}
	EndGlobalSection
EndGlobal
